
Microsoft Visual Studio Solution File, Format Version 12.00
# Visual Studio Version 17
VisualStudioVersion = 17.3.32901.215
MinimumVisualStudioVersion = 10.0.40219.1
Project("{9A19103F-16F7-4668-BE54-9A1E7A4F7556}") = "NhapHangV2.API", "NhapHangV2.API\NhapHangV2.API.csproj", "{FA8B70DA-B910-4975-A40C-90D338108BB7}"
EndProject
Project("{9A19103F-16F7-4668-BE54-9A1E7A4F7556}") = "NhapHangV2.AppDbContext", "NhapHangV2.AppDbContext\NhapHangV2.AppDbContext.csproj", "{37CF8038-7FF1-482E-B8B7-71A62431986B}"
EndProject
Project("{9A19103F-16F7-4668-BE54-9A1E7A4F7556}") = "NhapHangV2.BaseAPI", "NhapHangV2.BaseAPI\NhapHangV2.BaseAPI.csproj", "{08DBC517-2AAD-4620-B861-BEA960FA4E2D}"
EndProject
Project("{9A19103F-16F7-4668-BE54-9A1E7A4F7556}") = "NhapHangV2.Entities", "NhapHangV2.Entities\NhapHangV2.Entities.csproj", "{624CCC6B-B1C8-4FE6-8093-71E22B087849}"
EndProject
Project("{9A19103F-16F7-4668-BE54-9A1E7A4F7556}") = "NhapHangV2.Extensions", "NhapHangV2.Extensions\NhapHangV2.Extensions.csproj", "{29B41F75-8141-4994-B74A-AF34B300B56A}"
EndProject
Project("{9A19103F-16F7-4668-BE54-9A1E7A4F7556}") = "NhapHangV2.Interface", "NhapHangV2.Interface\NhapHangV2.Interface.csproj", "{37D05DA1-00C8-4B3E-87DF-849ACCC662CF}"
EndProject
Project("{9A19103F-16F7-4668-BE54-9A1E7A4F7556}") = "NhapHangV2.Models", "NhapHangV2.Models\NhapHangV2.Models.csproj", "{36B94516-08F3-4308-BB08-F16325A2F357}"
EndProject
Project("{9A19103F-16F7-4668-BE54-9A1E7A4F7556}") = "NhapHangV2.Request", "NhapHangV2.Request\NhapHangV2.Request.csproj", "{B28FABC5-D822-4A3D-BEC5-29EC2BA21A98}"
EndProject
Project("{9A19103F-16F7-4668-BE54-9A1E7A4F7556}") = "NhapHangV2.Service", "NhapHangV2.Service\NhapHangV2.Service.csproj", "{5E7A041C-9658-4D85-BE4D-3574D922B634}"
EndProject
Project("{9A19103F-16F7-4668-BE54-9A1E7A4F7556}") = "NhapHangV2.Utilities", "NhapHangV2.Utilities\NhapHangV2.Utilities.csproj", "{941414CB-BECA-4D65-9413-7A38949D682C}"
EndProject
Global
	GlobalSection(SolutionConfigurationPlatforms) = preSolution
		Debug|Any CPU = Debug|Any CPU
		Release|Any CPU = Release|Any CPU
	EndGlobalSection
	GlobalSection(ProjectConfigurationPlatforms) = postSolution
		{FA8B70DA-B910-4975-A40C-90D338108BB7}.Debug|Any CPU.ActiveCfg = Debug|Any CPU
		{FA8B70DA-B910-4975-A40C-90D338108BB7}.Debug|Any CPU.Build.0 = Debug|Any CPU
		{FA8B70DA-B910-4975-A40C-90D338108BB7}.Release|Any CPU.ActiveCfg = Release|Any CPU
		{FA8B70DA-B910-4975-A40C-90D338108BB7}.Release|Any CPU.Build.0 = Release|Any CPU
		{37CF8038-7FF1-482E-B8B7-71A62431986B}.Debug|Any CPU.ActiveCfg = Debug|Any CPU
		{37CF8038-7FF1-482E-B8B7-71A62431986B}.Debug|Any CPU.Build.0 = Debug|Any CPU
		{37CF8038-7FF1-482E-B8B7-71A62431986B}.Release|Any CPU.ActiveCfg = Release|Any CPU
		{37CF8038-7FF1-482E-B8B7-71A62431986B}.Release|Any CPU.Build.0 = Release|Any CPU
		{08DBC517-2AAD-4620-B861-BEA960FA4E2D}.Debug|Any CPU.ActiveCfg = Debug|Any CPU
		{08DBC517-2AAD-4620-B861-BEA960FA4E2D}.Debug|Any CPU.Build.0 = Debug|Any CPU
		{08DBC517-2AAD-4620-B861-BEA960FA4E2D}.Release|Any CPU.ActiveCfg = Release|Any CPU
		{08DBC517-2AAD-4620-B861-BEA960FA4E2D}.Release|Any CPU.Build.0 = Release|Any CPU
		{624CCC6B-B1C8-4FE6-8093-71E22B087849}.Debug|Any CPU.ActiveCfg = Debug|Any CPU
		{624CCC6B-B1C8-4FE6-8093-71E22B087849}.Debug|Any CPU.Build.0 = Debug|Any CPU
		{624CCC6B-B1C8-4FE6-8093-71E22B087849}.Release|Any CPU.ActiveCfg = Release|Any CPU
		{624CCC6B-B1C8-4FE6-8093-71E22B087849}.Release|Any CPU.Build.0 = Release|Any CPU
		{29B41F75-8141-4994-B74A-AF34B300B56A}.Debug|Any CPU.ActiveCfg = Debug|Any CPU
		{29B41F75-8141-4994-B74A-AF34B300B56A}.Debug|Any CPU.Build.0 = Debug|Any CPU
		{29B41F75-8141-4994-B74A-AF34B300B56A}.Release|Any CPU.ActiveCfg = Release|Any CPU
		{29B41F75-8141-4994-B74A-AF34B300B56A}.Release|Any CPU.Build.0 = Release|Any CPU
		{37D05DA1-00C8-4B3E-87DF-849ACCC662CF}.Debug|Any CPU.ActiveCfg = Debug|Any CPU
		{37D05DA1-00C8-4B3E-87DF-849ACCC662CF}.Debug|Any CPU.Build.0 = Debug|Any CPU
		{37D05DA1-00C8-4B3E-87DF-849ACCC662CF}.Release|Any CPU.ActiveCfg = Release|Any CPU
		{37D05DA1-00C8-4B3E-87DF-849ACCC662CF}.Release|Any CPU.Build.0 = Release|Any CPU
		{36B94516-08F3-4308-BB08-F16325A2F357}.Debug|Any CPU.ActiveCfg = Debug|Any CPU
		{36B94516-08F3-4308-BB08-F16325A2F357}.Debug|Any CPU.Build.0 = Debug|Any CPU
		{36B94516-08F3-4308-BB08-F16325A2F357}.Release|Any CPU.ActiveCfg = Release|Any CPU
		{36B94516-08F3-4308-BB08-F16325A2F357}.Release|Any CPU.Build.0 = Release|Any CPU
		{B28FABC5-D822-4A3D-BEC5-29EC2BA21A98}.Debug|Any CPU.ActiveCfg = Debug|Any CPU
		{B28FABC5-D822-4A3D-BEC5-29EC2BA21A98}.Debug|Any CPU.Build.0 = Debug|Any CPU
		{B28FABC5-D822-4A3D-BEC5-29EC2BA21A98}.Release|Any CPU.ActiveCfg = Release|Any CPU
		{B28FABC5-D822-4A3D-BEC5-29EC2BA21A98}.Release|Any CPU.Build.0 = Release|Any CPU
		{5E7A041C-9658-4D85-BE4D-3574D922B634}.Debug|Any CPU.ActiveCfg = Debug|Any CPU
		{5E7A041C-9658-4D85-BE4D-3574D922B634}.Debug|Any CPU.Build.0 = Debug|Any CPU
		{5E7A041C-9658-4D85-BE4D-3574D922B634}.Release|Any CPU.ActiveCfg = Release|Any CPU
		{5E7A041C-9658-4D85-BE4D-3574D922B634}.Release|Any CPU.Build.0 = Release|Any CPU
		{941414CB-BECA-4D65-9413-7A38949D682C}.Debug|Any CPU.ActiveCfg = Debug|Any CPU
		{941414CB-BECA-4D65-9413-7A38949D682C}.Debug|Any CPU.Build.0 = Debug|Any CPU
		{941414CB-BECA-4D65-9413-7A38949D682C}.Release|Any CPU.ActiveCfg = Release|Any CPU
		{941414CB-BECA-4D65-9413-7A38949D682C}.Release|Any CPU.Build.0 = Release|Any CPU
	EndGlobalSection
	GlobalSection(SolutionProperties) = preSolution
		HideSolutionNode = FALSE
	EndGlobalSection
	GlobalSection(ExtensibilityGlobals) = postSolution
		SolutionGuid = {37B9DC35-7372-442F-AA73-763AD763CCBA}
	EndGlobalSection
EndGlobal
